// !$*UTF8*$!
{
	archiveVersion = 1;
	classes = {
	};
	objectVersion = 46;
	objects = {

/* Begin PBXBuildFile section */
		0062A3E41B953B8D00181258 /* main.m in Sources */ = {isa = PBXBuildFile; fileRef = 0062A3E31B953B8D00181258 /* main.m */; };
		00DF2D9F1B968A5E00DF1F16 /* Person.m in Sources */ = {isa = PBXBuildFile; fileRef = 00DF2D9E1B968A5E00DF1F16 /* Person.m */; };
/* End PBXBuildFile section */

/* Begin PBXCopyFilesBuildPhase section */
		0062A3DE1B953B8D00181258 /* CopyFiles */ = {
			isa = PBXCopyFilesBuildPhase;
			buildActionMask = 2147483647;
			dstPath = /usr/share/man/man1/;
			dstSubfolderSpec = 0;
			files = (
			);
			runOnlyForDeploymentPostprocessing = 1;
		};
/* End PBXCopyFilesBuildPhase section */

/* Begin PBXFileReference section */
		0062A3E01B953B8D00181258 /* SortByArray */ = {isa = PBXFileReference; explicitFileType = "compiled.mach-o.executable"; includeInIndex = 0; path = SortByArray; sourceTree = BUILT_PRODUCTS_DIR; };
		0062A3E31B953B8D00181258 /* main.m */ = {isa = PBXFileReference; lastKnownFileType = sourcecode.c.objc; path = main.m; sourceTree = "<group>"; };
		00DF2D9D1B968A5E00DF1F16 /* Person.h */ = {isa = PBXFileReference; fileEncoding = 4; lastKnownFileType = sourcecode.c.h; path = Person.h; sourceTree = "<group>"; };
		00DF2D9E1B968A5E00DF1F16 /* Person.m */ = {isa = PBXFileReference; fileEncoding = 4; lastKnownFileType = sourcecode.c.objc; path = Person.m; sourceTree = "<group>"; };
/* End PBXFileReference section */

/* Begin PBXFrameworksBuildPhase section */
		0062A3DD1B953B8D00181258 /* Frameworks */ = {
			isa = PBXFrameworksBuildPhase;
			buildActionMask = 2147483647;
			files = (
			);
			runOnlyForDeploymentPostprocessing = 0;
		};
/* End PBXFrameworksBuildPhase section */

/* Begin PBXGroup section */
		0062A3D71B953B8D00181258 = {
			isa = PBXGroup;
			children = (
				0062A3E21B953B8D00181258 /* SortByArray */,
				0062A3E11B953B8D00181258 /* Products */,
			);
			sourceTree = "<group>";
		};
		0062A3E11B953B8D00181258 /* Products */ = {
			isa = PBXGroup;
			children = (
				0062A3E01B953B8D00181258 /* SortByArray */,
			);
			name = Products;
			sourceTree = "<group>";
		};
		0062A3E21B953B8D00181258 /* SortByArray */ = {
			isa = PBXGroup;
			children = (
				0062A3E31B953B8D00181258 /* main.m */,
				00DF2D9D1B968A5E00DF1F16 /* Person.h */,
				00DF2D9E1B968A5E00DF1F16 /* Person.m */,
			);
			path = SortByArray;
			sourceTree = "<group>";
		};
/* End PBXGroup section */

/* Begin PBXNativeTarget section */
		0062A3DF1B953B8D00181258 /* SortByArray */ = {
			isa = PBXNativeTarget;
			buildConfigurationList = 0062A3E71B953B8D00181258 /* Build configuration list for PBXNativeTarget "SortByArray" */;
			buildPhases = (
				0062A3DC1B953B8D00181258 /* Sources */,
				0062A3DD1B953B8D00181258 /* Frameworks */,
				0062A3DE1B953B8D00181258 /* CopyFiles */,
			);
			buildRules = (
			);
			dependencies = (
			);
			name = SortByArray;
			productName = SortByArray;
			productReference = 0062A3E01B953B8D00181258 /* SortByArray */;
			productType = "com.apple.product-type.tool";
		};
/* End PBXNativeTarget section */

/* Begin PBXProject section */
		0062A3D81B953B8D00181258 /* Project object */ = {
			isa = PBXProject;
			attributes = {
				LastUpgradeCheck = 0640;
				ORGANIZATIONNAME = RexMa;
				TargetAttributes = {
					0062A3DF1B953B8D00181258 = {
						CreatedOnToolsVersion = 6.4;
					};
				};
			};
			buildConfigurationList = 0062A3DB1B953B8D00181258 /* Build configuration list for PBXProject "SortByArray" */;
			compatibilityVersion = "Xcode 3.2";
			developmentRegion = English;
			hasScannedForEncodings = 0;
			knownRegions = (
				en,
			);
			mainGroup = 0062A3D71B953B8D00181258;
			productRefGroup = 0062A3E11B953B8D00181258 /* Products */;
			projectDirPath = "";
			projectRoot = "";
			targets = (
				0062A3DF1B953B8D00181258 /* SortByArray */,
			);
		};
/* End PBXProject section */

/* Begin PBXSourcesBuildPhase section */
		0062A3DC1B953B8D00181258 /* Sources */ = {
			isa = PBXSourcesBuildPhase;
			buildActionMask = 2147483647;
			files = (
				00DF2D9F1B968A5E00DF1F16 /* Person.m in Sources */,
				0062A3E41B953B8D00181258 /* main.m in Sources */,
			);
			runOnlyForDeploymentPostprocessing = 0;
		};
/* End PBXSourcesBuildPhase section */

/* Begin XCBuildConfiguration section */
		0062A3E51B953B8D00181258 /* Debug */ = {
			isa = XCBuildConfiguration;
			buildSettings = {
				ALWAYS_SEARCH_USER_PATHS = NO;
				CLANG_CXX_LANGUAGE_STANDARD = "gnu++0x";
				CLANG_CXX_LIBRARY = "libc++";
				CLANG_ENABLE_MODULES = YES;
				CLANG_ENABLE_OBJC_ARC = YES;
				CLANG_WARN_BOOL_CONVERSION = YES;
				CLANG_WARN_CONSTANT_CONVERSION = YES;
				CLANG_WARN_DIRECT_OBJC_ISA_USAGE = YES_ERROR;
				CLANG_WARN_EMPTY_BODY = YES;
				CLANG_WARN_ENUM_CONVERSION = YES;
				CLANG_WARN_INT_CONVERSION = YES;
				CLANG_WARN_OBJC_ROOT_CLASS = YES_ERROR;
				CLANG_WARN_UNREACHABLE_CODE = YES;
				CLANG_WARN__DUPLICATE_METHOD_MATCH = YES;
				COPY_PHASE_STRIP = NO;
				DEBUG_INFORMATION_FORMAT = dwarf;
				ENABLE_STRICT_OBJC_MSGSEND = YES;
				GCC_C_LANGUAGE_STANDARD = gnu99;
				GCC_DYNAMIC_NO_PIC = NO;
				GCC_NO_COMMON_BLOCKS = YES;
				GCC_OPTIMIZATION_LEVEL = 0;
				GCC_PREPROCESSOR_DEFINITIONS = (
					"DEBUG=1",
					"$(inherited)",
				);
				GCC_SYMBOLS_PRIVATE_EXTERN = NO;
				GCC_WARN_64_TO_32_BIT_CONVERSION = YES;
				GCC_WARN_ABOUT_RETURN_TYPE = YES_ERROR;
				GCC_WARN_UNDECLARED_SELECTOR = YES;
				GCC_WARN_UNINITIALIZED_AUTOS = YES_AGGRESSIVE;
				GCC_WARN_UNUSED_FUNCTION = YES;
				GCC_WARN_UNUSED_VARIABLE = YES;
				MACOSX_DEPLOYMENT_TARGET = 10.10;
				MTL_ENABLE_DEBUG_INFO = YES;
				ONLY_ACTIVE_ARCH = YES;
				SDKROOT = macosx;
			};
			name = Debug;
		};
		0062A3E61B953B8D00181258 /* Release */ = {
			isa = XCBuildConfiguration;
			buildSettings = {
				ALWAYS_SEARCH_USER_PATHS = NO;
				CLANG_CXX_LANGUAGE_STANDARD = "gnu++0x";
				CLANG_CXX_LIBRARY = "libc++";
				CLANG_ENABLE_MODULES = YES;
				CLANG_ENABLE_OBJC_ARC = YES;
				CLANG_WARN_BOOL_CONVERSION = YES;
				CLANG_WARN_CONSTANT_CONVERSION = YES;
				CLANG_WARN_DIRECT_OBJC_ISA_USAGE = YES_ERROR;
				CLANG_WARN_EMPTY_BODY = YES;
				CLANG_WARN_ENUM_CONVERSION = YES;
				CLANG_WARN_INT_CONVERSION = YES;
				CLANG_WARN_OBJC_ROOT_CLASS = YES_ERROR;
				CLANG_WARN_UNREACHABLE_CODE = YES;
				CLANG_WARN__DUPLICATE_METHOD_MATCH = YES;
				COPY_PHASE_STRIP = NO;
				DEBUG_INFORMATION_FORMAT = "dwarf-with-dsym";
				ENABLE_NS_ASSERTIONS = NO;
				ENABLE_STRICT_OBJC_MSGSEND = YES;
				GCC_C_LANGUAGE_STANDARD = gnu99;
				GCC_NO_COMMON_BLOCKS = YES;
				GCC_WARN_64_TO_32_BIT_CONVERSION = YES;
				GCC_WARN_ABOUT_RETURN_TYPE = YES_ERROR;
				GCC_WARN_UNDECLARED_SELECTOR = YES;
				GCC_WARN_UNINITIALIZED_AUTOS = YES_AGGRESSIVE;
				GCC_WARN_UNUSED_FUNCTION = YES;
				GCC_WARN_UNUSED_VARIABLE = YES;
				MACOSX_DEPLOYMENT_TARGET = 10.10;
				MTL_ENABLE_DEBUG_INFO = NO;
				SDKROOT = macosx;
			};
			name = Release;
		};
		0062A3E81B953B8D00181258 /* Debug */ = {
			isa = XCBuildConfiguration;
			buildSettings = {
				PRODUCT_NAME = "$(TARGET_NAME)";
			};
			name = Debug;
		};
		0062A3E91B953B8D00181258 /* Release */ = {
			isa = XCBuildConfiguration;
			buildSettings = {
				PRODUCT_NAME = "$(TARGET_NAME)";
			};
			name = Release;
		};
/* End XCBuildConfiguration section */

/* Begin XCConfigurationList section */
		0062A3DB1B953B8D00181258 /* Build configuration list for PBXProject "SortByArray" */ = {
			isa = XCConfigurationList;
			buildConfigurations = (
				0062A3E51B953B8D00181258 /* Debug */,
				0062A3E61B953B8D00181258 /* Release */,
			);
			defaultConfigurationIsVisible = 0;
			defaultConfigurationName = Release;
		};
		0062A3E71B953B8D00181258 /* Build configuration list for PBXNativeTarget "SortByArray" */ = {
			isa = XCConfigurationList;
			buildConfigurations = (
				0062A3E81B953B8D00181258 /* Debug */,
				0062A3E91B953B8D00181258 /* Release */,
			);
			defaultConfigurationIsVisible = 0;
			defaultConfigurationName = Release;
		};
/* End XCConfigurationList section */
	};
	rootObject = 0062A3D81B953B8D00181258 /* Project object */;
}
